
Microsoft Visual Studio Solution File, Format Version 12.00
# Visual Studio Version 16
VisualStudioVersion = 16.0.30711.63
MinimumVisualStudioVersion = 10.0.40219.1
Project("{FAE04EC0-301F-11D3-BF4B-00C04F79EFBC}") = "Ecommerce", "Ecommerce.csproj", "{BFF5BECA-7E75-4353-B45B-736BA03D15BB}"
EndProject
Global
	GlobalSection(SolutionConfigurationPlatforms) = preSolution
		Debug|Any CPU = Debug|Any CPU
		Release|Any CPU = Release|Any CPU
	EndGlobalSection
	GlobalSection(ProjectConfigurationPlatforms) = postSolution
		{BFF5BECA-7E75-4353-B45B-736BA03D15BB}.Debug|Any CPU.ActiveCfg = Debug|Any CPU
		{BFF5BECA-7E75-4353-B45B-736BA03D15BB}.Debug|Any CPU.Build.0 = Debug|Any CPU
		{BFF5BECA-7E75-4353-B45B-736BA03D15BB}.Release|Any CPU.ActiveCfg = Release|Any CPU
		{BFF5BECA-7E75-4353-B45B-736BA03D15BB}.Release|Any CPU.Build.0 = Release|Any CPU
	EndGlobalSection
	GlobalSection(SolutionProperties) = preSolution
		HideSolutionNode = FALSE
	EndGlobalSection
	GlobalSection(ExtensibilityGlobals) = postSolution
		SolutionGuid = {4E690E32-1CD0-4E9A-A692-7113C86B2C83}
	EndGlobalSection
EndGlobal
